
Microsoft Visual Studio Solution File, Format Version 12.00
# Visual Studio Version 16
VisualStudioVersion = 16.0.31729.503
MinimumVisualStudioVersion = 10.0.40219.1
Project("{888888A0-9F3D-457C-B088-3A5042F75D52}") = "SimpleEarthSunMotionTracker", "SimpleEarthSunMotionTracker\SimpleEarthSunMotionTracker.pyproj", "{29853D4F-3CD0-4700-8741-C673F214ECDE}"
EndProject
Global
	GlobalSection(SolutionConfigurationPlatforms) = preSolution
		Debug|Any CPU = Debug|Any CPU
		Release|Any CPU = Release|Any CPU
	EndGlobalSection
	GlobalSection(ProjectConfigurationPlatforms) = postSolution
		{29853D4F-3CD0-4700-8741-C673F214ECDE}.Debug|Any CPU.ActiveCfg = Debug|Any CPU
		{29853D4F-3CD0-4700-8741-C673F214ECDE}.Release|Any CPU.ActiveCfg = Release|Any CPU
	EndGlobalSection
	GlobalSection(SolutionProperties) = preSolution
		HideSolutionNode = FALSE
	EndGlobalSection
	GlobalSection(ExtensibilityGlobals) = postSolution
		SolutionGuid = {E69F4513-0944-4CBE-9D3A-3ABBD4B9238E}
	EndGlobalSection
EndGlobal
